
Microsoft Visual Studio Solution File, Format Version 12.00
# Visual Studio 15
VisualStudioVersion = 15.0.27130.0
MinimumVisualStudioVersion = 10.0.40219.1
Project("{FAE04EC0-301F-11D3-BF4B-00C04F79EFBC}") = "MvxViewModelCommunication.Android", "MvxViewModelCommunication\MvxViewModelCommunication.Android\MvxViewModelCommunication.Android.csproj", "{0FC41E9F-3945-45A7-B294-3683D0AE69AD}"
EndProject
Project("{FAE04EC0-301F-11D3-BF4B-00C04F79EFBC}") = "MvxViewModelCommunication.Core", "MvxViewModelCommunication\MvxViewModelCommunication\MvxViewModelCommunication.Core.csproj", "{A25EF8D7-6DCE-4721-8DFD-BBAE87581FBC}"
EndProject
Global
	GlobalSection(SolutionConfigurationPlatforms) = preSolution
		Debug|Any CPU = Debug|Any CPU
		Release|Any CPU = Release|Any CPU
	EndGlobalSection
	GlobalSection(ProjectConfigurationPlatforms) = postSolution
		{0FC41E9F-3945-45A7-B294-3683D0AE69AD}.Debug|Any CPU.ActiveCfg = Debug|Any CPU
		{0FC41E9F-3945-45A7-B294-3683D0AE69AD}.Debug|Any CPU.Build.0 = Debug|Any CPU
		{0FC41E9F-3945-45A7-B294-3683D0AE69AD}.Debug|Any CPU.Deploy.0 = Debug|Any CPU
		{0FC41E9F-3945-45A7-B294-3683D0AE69AD}.Release|Any CPU.ActiveCfg = Release|Any CPU
		{0FC41E9F-3945-45A7-B294-3683D0AE69AD}.Release|Any CPU.Build.0 = Release|Any CPU
		{0FC41E9F-3945-45A7-B294-3683D0AE69AD}.Release|Any CPU.Deploy.0 = Release|Any CPU
		{A25EF8D7-6DCE-4721-8DFD-BBAE87581FBC}.Debug|Any CPU.ActiveCfg = Debug|Any CPU
		{A25EF8D7-6DCE-4721-8DFD-BBAE87581FBC}.Debug|Any CPU.Build.0 = Debug|Any CPU
		{A25EF8D7-6DCE-4721-8DFD-BBAE87581FBC}.Release|Any CPU.ActiveCfg = Release|Any CPU
		{A25EF8D7-6DCE-4721-8DFD-BBAE87581FBC}.Release|Any CPU.Build.0 = Release|Any CPU
	EndGlobalSection
	GlobalSection(SolutionProperties) = preSolution
		HideSolutionNode = FALSE
	EndGlobalSection
	GlobalSection(ExtensibilityGlobals) = postSolution
		SolutionGuid = {45969AF2-4B42-4760-A422-07DFD063770F}
	EndGlobalSection
EndGlobal
